
Microsoft Visual Studio Solution File, Format Version 12.00
# Visual Studio Version 17
VisualStudioVersion = 17.5.33502.453
MinimumVisualStudioVersion = 10.0.40219.1
Project("{FAE04EC0-301F-11D3-BF4B-00C04F79EFBC}") = "ExchangeTrafik", "ExchangeTrafik.csproj", "{9B3621D9-8D11-4CD0-8343-068221DD2380}"
EndProject
Global
	GlobalSection(SolutionConfigurationPlatforms) = preSolution
		Debug|Any CPU = Debug|Any CPU
		Release|Any CPU = Release|Any CPU
	EndGlobalSection
	GlobalSection(ProjectConfigurationPlatforms) = postSolution
		{9B3621D9-8D11-4CD0-8343-068221DD2380}.Debug|Any CPU.ActiveCfg = Debug|Any CPU
		{9B3621D9-8D11-4CD0-8343-068221DD2380}.Debug|Any CPU.Build.0 = Debug|Any CPU
		{9B3621D9-8D11-4CD0-8343-068221DD2380}.Release|Any CPU.ActiveCfg = Release|Any CPU
		{9B3621D9-8D11-4CD0-8343-068221DD2380}.Release|Any CPU.Build.0 = Release|Any CPU
	EndGlobalSection
	GlobalSection(SolutionProperties) = preSolution
		HideSolutionNode = FALSE
	EndGlobalSection
	GlobalSection(ExtensibilityGlobals) = postSolution
		SolutionGuid = {1A123831-51A3-4D57-8B6D-D6C1279EB8F1}
	EndGlobalSection
EndGlobal
